
Microsoft Visual Studio Solution File, Format Version 12.00
# Visual Studio Version 17
VisualStudioVersion = 17.0.32002.185
MinimumVisualStudioVersion = 10.0.40219.1
Project("{00D1A9C2-B5F0-4AF3-8072-F6C62B433612}") = "AzureSQL", "AzureSQL\AzureSQL.sqlproj", "{7136055A-73EB-4D39-B5D7-7F40C224947D}"
EndProject
Global
	GlobalSection(SolutionConfigurationPlatforms) = preSolution
		Debug|Any CPU = Debug|Any CPU
		Release|Any CPU = Release|Any CPU
	EndGlobalSection
	GlobalSection(ProjectConfigurationPlatforms) = postSolution
		{7136055A-73EB-4D39-B5D7-7F40C224947D}.Debug|Any CPU.ActiveCfg = Debug|Any CPU
		{7136055A-73EB-4D39-B5D7-7F40C224947D}.Debug|Any CPU.Build.0 = Debug|Any CPU
		{7136055A-73EB-4D39-B5D7-7F40C224947D}.Debug|Any CPU.Deploy.0 = Debug|Any CPU
		{7136055A-73EB-4D39-B5D7-7F40C224947D}.Release|Any CPU.ActiveCfg = Release|Any CPU
		{7136055A-73EB-4D39-B5D7-7F40C224947D}.Release|Any CPU.Build.0 = Release|Any CPU
		{7136055A-73EB-4D39-B5D7-7F40C224947D}.Release|Any CPU.Deploy.0 = Release|Any CPU
	EndGlobalSection
	GlobalSection(SolutionProperties) = preSolution
		HideSolutionNode = FALSE
	EndGlobalSection
	GlobalSection(ExtensibilityGlobals) = postSolution
		SolutionGuid = {B10145FA-6E18-48F9-8336-AC652ABF69FB}
	EndGlobalSection
EndGlobal
